// !$*UTF8*$!
{
	archiveVersion = 1;
	classes = {
	};
	objectVersion = 46;
	objects = {

/* Begin PBXBuildFile section */
		1F525A231A2FD294006212B0 /* main.m in Sources */ = {isa = PBXBuildFile; fileRef = 1F525A221A2FD294006212B0 /* main.m */; };
		1F525A261A2FD294006212B0 /* AppDelegate.m in Sources */ = {isa = PBXBuildFile; fileRef = 1F525A251A2FD294006212B0 /* AppDelegate.m */; };
		1F525A291A2FD294006212B0 /* Filters.xcdatamodeld in Sources */ = {isa = PBXBuildFile; fileRef = 1F525A271A2FD294006212B0 /* Filters.xcdatamodeld */; };
		1F525A2F1A2FD294006212B0 /* Main.storyboard in Resources */ = {isa = PBXBuildFile; fileRef = 1F525A2D1A2FD294006212B0 /* Main.storyboard */; };
		1F525A311A2FD294006212B0 /* Images.xcassets in Resources */ = {isa = PBXBuildFile; fileRef = 1F525A301A2FD294006212B0 /* Images.xcassets */; };
		1F525A341A2FD294006212B0 /* LaunchScreen.xib in Resources */ = {isa = PBXBuildFile; fileRef = 1F525A321A2FD294006212B0 /* LaunchScreen.xib */; };
		1F525A401A2FD294006212B0 /* FiltersTests.m in Sources */ = {isa = PBXBuildFile; fileRef = 1F525A3F1A2FD294006212B0 /* FiltersTests.m */; };
		1F525A4B1A2FD2D3006212B0 /* AlbumTableViewController.m in Sources */ = {isa = PBXBuildFile; fileRef = 1F525A4A1A2FD2D3006212B0 /* AlbumTableViewController.m */; };
		1F525A4E1A2FD869006212B0 /* Album.m in Sources */ = {isa = PBXBuildFile; fileRef = 1F525A4D1A2FD869006212B0 /* Album.m */; };
		1F525A521A2FF7CF006212B0 /* CoreDataHelper.m in Sources */ = {isa = PBXBuildFile; fileRef = 1F525A511A2FF7CF006212B0 /* CoreDataHelper.m */; };
		1F525A541A2FF8BD006212B0 /* CoreData.framework in Frameworks */ = {isa = PBXBuildFile; fileRef = 1F525A531A2FF8BD006212B0 /* CoreData.framework */; };
		1F525A581A300201006212B0 /* PhotosCollectionViewController.m in Sources */ = {isa = PBXBuildFile; fileRef = 1F525A571A300201006212B0 /* PhotosCollectionViewController.m */; };
		1F525A5B1A3002CF006212B0 /* PhotoCollectionViewCell.m in Sources */ = {isa = PBXBuildFile; fileRef = 1F525A5A1A3002CF006212B0 /* PhotoCollectionViewCell.m */; };
		1F525A5D1A3003E3006212B0 /* fsm.png in Resources */ = {isa = PBXBuildFile; fileRef = 1F525A5C1A3003E3006212B0 /* fsm.png */; };
/* End PBXBuildFile section */

/* Begin PBXContainerItemProxy section */
		1F525A3A1A2FD294006212B0 /* PBXContainerItemProxy */ = {
			isa = PBXContainerItemProxy;
			containerPortal = 1F525A151A2FD294006212B0 /* Project object */;
			proxyType = 1;
			remoteGlobalIDString = 1F525A1C1A2FD294006212B0;
			remoteInfo = Filters;
		};
/* End PBXContainerItemProxy section */

/* Begin PBXFileReference section */
		1F525A1D1A2FD294006212B0 /* Filters.app */ = {isa = PBXFileReference; explicitFileType = wrapper.application; includeInIndex = 0; path = Filters.app; sourceTree = BUILT_PRODUCTS_DIR; };
		1F525A211A2FD294006212B0 /* Info.plist */ = {isa = PBXFileReference; lastKnownFileType = text.plist.xml; path = Info.plist; sourceTree = "<group>"; };
		1F525A221A2FD294006212B0 /* main.m */ = {isa = PBXFileReference; lastKnownFileType = sourcecode.c.objc; path = main.m; sourceTree = "<group>"; };
		1F525A241A2FD294006212B0 /* AppDelegate.h */ = {isa = PBXFileReference; lastKnownFileType = sourcecode.c.h; path = AppDelegate.h; sourceTree = "<group>"; };
		1F525A251A2FD294006212B0 /* AppDelegate.m */ = {isa = PBXFileReference; lastKnownFileType = sourcecode.c.objc; path = AppDelegate.m; sourceTree = "<group>"; };
		1F525A281A2FD294006212B0 /* Filters.xcdatamodel */ = {isa = PBXFileReference; lastKnownFileType = wrapper.xcdatamodel; path = Filters.xcdatamodel; sourceTree = "<group>"; };
		1F525A2E1A2FD294006212B0 /* Base */ = {isa = PBXFileReference; lastKnownFileType = file.storyboard; name = Base; path = Base.lproj/Main.storyboard; sourceTree = "<group>"; };
		1F525A301A2FD294006212B0 /* Images.xcassets */ = {isa = PBXFileReference; lastKnownFileType = folder.assetcatalog; path = Images.xcassets; sourceTree = "<group>"; };
		1F525A331A2FD294006212B0 /* Base */ = {isa = PBXFileReference; lastKnownFileType = file.xib; name = Base; path = Base.lproj/LaunchScreen.xib; sourceTree = "<group>"; };
		1F525A391A2FD294006212B0 /* FiltersTests.xctest */ = {isa = PBXFileReference; explicitFileType = wrapper.cfbundle; includeInIndex = 0; path = FiltersTests.xctest; sourceTree = BUILT_PRODUCTS_DIR; };
		1F525A3E1A2FD294006212B0 /* Info.plist */ = {isa = PBXFileReference; lastKnownFileType = text.plist.xml; path = Info.plist; sourceTree = "<group>"; };
		1F525A3F1A2FD294006212B0 /* FiltersTests.m */ = {isa = PBXFileReference; lastKnownFileType = sourcecode.c.objc; path = FiltersTests.m; sourceTree = "<group>"; };
		1F525A491A2FD2D3006212B0 /* AlbumTableViewController.h */ = {isa = PBXFileReference; fileEncoding = 4; lastKnownFileType = sourcecode.c.h; path = AlbumTableViewController.h; sourceTree = "<group>"; };
		1F525A4A1A2FD2D3006212B0 /* AlbumTableViewController.m */ = {isa = PBXFileReference; fileEncoding = 4; lastKnownFileType = sourcecode.c.objc; path = AlbumTableViewController.m; sourceTree = "<group>"; };
		1F525A4C1A2FD869006212B0 /* Album.h */ = {isa = PBXFileReference; fileEncoding = 4; lastKnownFileType = sourcecode.c.h; path = Album.h; sourceTree = "<group>"; };
		1F525A4D1A2FD869006212B0 /* Album.m */ = {isa = PBXFileReference; fileEncoding = 4; lastKnownFileType = sourcecode.c.objc; path = Album.m; sourceTree = "<group>"; };
		1F525A501A2FF7CF006212B0 /* CoreDataHelper.h */ = {isa = PBXFileReference; fileEncoding = 4; lastKnownFileType = sourcecode.c.h; path = CoreDataHelper.h; sourceTree = "<group>"; };
		1F525A511A2FF7CF006212B0 /* CoreDataHelper.m */ = {isa = PBXFileReference; fileEncoding = 4; lastKnownFileType = sourcecode.c.objc; path = CoreDataHelper.m; sourceTree = "<group>"; };
		1F525A531A2FF8BD006212B0 /* CoreData.framework */ = {isa = PBXFileReference; lastKnownFileType = wrapper.framework; name = CoreData.framework; path = System/Library/Frameworks/CoreData.framework; sourceTree = SDKROOT; };
		1F525A561A300201006212B0 /* PhotosCollectionViewController.h */ = {isa = PBXFileReference; fileEncoding = 4; lastKnownFileType = sourcecode.c.h; path = PhotosCollectionViewController.h; sourceTree = "<group>"; };
		1F525A571A300201006212B0 /* PhotosCollectionViewController.m */ = {isa = PBXFileReference; fileEncoding = 4; lastKnownFileType = sourcecode.c.objc; path = PhotosCollectionViewController.m; sourceTree = "<group>"; };
		1F525A591A3002CF006212B0 /* PhotoCollectionViewCell.h */ = {isa = PBXFileReference; fileEncoding = 4; lastKnownFileType = sourcecode.c.h; path = PhotoCollectionViewCell.h; sourceTree = "<group>"; };
		1F525A5A1A3002CF006212B0 /* PhotoCollectionViewCell.m */ = {isa = PBXFileReference; fileEncoding = 4; lastKnownFileType = sourcecode.c.objc; path = PhotoCollectionViewCell.m; sourceTree = "<group>"; };
		1F525A5C1A3003E3006212B0 /* fsm.png */ = {isa = PBXFileReference; lastKnownFileType = image.png; path = fsm.png; sourceTree = "<group>"; };
/* End PBXFileReference section */

/* Begin PBXFrameworksBuildPhase section */
		1F525A1A1A2FD294006212B0 /* Frameworks */ = {
			isa = PBXFrameworksBuildPhase;
			buildActionMask = 2147483647;
			files = (
				1F525A541A2FF8BD006212B0 /* CoreData.framework in Frameworks */,
			);
			runOnlyForDeploymentPostprocessing = 0;
		};
		1F525A361A2FD294006212B0 /* Frameworks */ = {
			isa = PBXFrameworksBuildPhase;
			buildActionMask = 2147483647;
			files = (
			);
			runOnlyForDeploymentPostprocessing = 0;
		};
/* End PBXFrameworksBuildPhase section */

/* Begin PBXGroup section */
		1F525A141A2FD294006212B0 = {
			isa = PBXGroup;
			children = (
				1F525A531A2FF8BD006212B0 /* CoreData.framework */,
				1F525A1F1A2FD294006212B0 /* Filters */,
				1F525A3C1A2FD294006212B0 /* FiltersTests */,
				1F525A1E1A2FD294006212B0 /* Products */,
			);
			sourceTree = "<group>";
		};
		1F525A1E1A2FD294006212B0 /* Products */ = {
			isa = PBXGroup;
			children = (
				1F525A1D1A2FD294006212B0 /* Filters.app */,
				1F525A391A2FD294006212B0 /* FiltersTests.xctest */,
			);
			name = Products;
			sourceTree = "<group>";
		};
		1F525A1F1A2FD294006212B0 /* Filters */ = {
			isa = PBXGroup;
			children = (
				1F525A241A2FD294006212B0 /* AppDelegate.h */,
				1F525A251A2FD294006212B0 /* AppDelegate.m */,
				1F525A2D1A2FD294006212B0 /* Main.storyboard */,
				1F525A561A300201006212B0 /* PhotosCollectionViewController.h */,
				1F525A571A300201006212B0 /* PhotosCollectionViewController.m */,
				1F525A591A3002CF006212B0 /* PhotoCollectionViewCell.h */,
				1F525A5A1A3002CF006212B0 /* PhotoCollectionViewCell.m */,
				1F525A491A2FD2D3006212B0 /* AlbumTableViewController.h */,
				1F525A4A1A2FD2D3006212B0 /* AlbumTableViewController.m */,
				1F525A551A2FFC95006212B0 /* Core Data Delegate */,
				1F525A4F1A2FDA70006212B0 /* Album - NSManagedObject */,
				1F525A301A2FD294006212B0 /* Images.xcassets */,
				1F525A5C1A3003E3006212B0 /* fsm.png */,
				1F525A271A2FD294006212B0 /* Filters.xcdatamodeld */,
				1F525A321A2FD294006212B0 /* LaunchScreen.xib */,
				1F525A201A2FD294006212B0 /* Supporting Files */,
			);
			path = Filters;
			sourceTree = "<group>";
		};
		1F525A201A2FD294006212B0 /* Supporting Files */ = {
			isa = PBXGroup;
			children = (
				1F525A211A2FD294006212B0 /* Info.plist */,
				1F525A221A2FD294006212B0 /* main.m */,
			);
			name = "Supporting Files";
			sourceTree = "<group>";
		};
		1F525A3C1A2FD294006212B0 /* FiltersTests */ = {
			isa = PBXGroup;
			children = (
				1F525A3F1A2FD294006212B0 /* FiltersTests.m */,
				1F525A3D1A2FD294006212B0 /* Supporting Files */,
			);
			path = FiltersTests;
			sourceTree = "<group>";
		};
		1F525A3D1A2FD294006212B0 /* Supporting Files */ = {
			isa = PBXGroup;
			children = (
				1F525A3E1A2FD294006212B0 /* Info.plist */,
			);
			name = "Supporting Files";
			sourceTree = "<group>";
		};
		1F525A4F1A2FDA70006212B0 /* Album - NSManagedObject */ = {
			isa = PBXGroup;
			children = (
				1F525A4C1A2FD869006212B0 /* Album.h */,
				1F525A4D1A2FD869006212B0 /* Album.m */,
			);
			name = "Album - NSManagedObject";
			sourceTree = "<group>";
		};
		1F525A551A2FFC95006212B0 /* Core Data Delegate */ = {
			isa = PBXGroup;
			children = (
				1F525A501A2FF7CF006212B0 /* CoreDataHelper.h */,
				1F525A511A2FF7CF006212B0 /* CoreDataHelper.m */,
			);
			name = "Core Data Delegate";
			sourceTree = "<group>";
		};
/* End PBXGroup section */

/* Begin PBXNativeTarget section */
		1F525A1C1A2FD294006212B0 /* Filters */ = {
			isa = PBXNativeTarget;
			buildConfigurationList = 1F525A431A2FD294006212B0 /* Build configuration list for PBXNativeTarget "Filters" */;
			buildPhases = (
				1F525A191A2FD294006212B0 /* Sources */,
				1F525A1A1A2FD294006212B0 /* Frameworks */,
				1F525A1B1A2FD294006212B0 /* Resources */,
			);
			buildRules = (
			);
			dependencies = (
			);
			name = Filters;
			productName = Filters;
			productReference = 1F525A1D1A2FD294006212B0 /* Filters.app */;
			productType = "com.apple.product-type.application";
		};
		1F525A381A2FD294006212B0 /* FiltersTests */ = {
			isa = PBXNativeTarget;
			buildConfigurationList = 1F525A461A2FD294006212B0 /* Build configuration list for PBXNativeTarget "FiltersTests" */;
			buildPhases = (
				1F525A351A2FD294006212B0 /* Sources */,
				1F525A361A2FD294006212B0 /* Frameworks */,
				1F525A371A2FD294006212B0 /* Resources */,
			);
			buildRules = (
			);
			dependencies = (
				1F525A3B1A2FD294006212B0 /* PBXTargetDependency */,
			);
			name = FiltersTests;
			productName = FiltersTests;
			productReference = 1F525A391A2FD294006212B0 /* FiltersTests.xctest */;
			productType = "com.apple.product-type.bundle.unit-test";
		};
/* End PBXNativeTarget section */

/* Begin PBXProject section */
		1F525A151A2FD294006212B0 /* Project object */ = {
			isa = PBXProject;
			attributes = {
				LastUpgradeCheck = 0610;
				ORGANIZATIONNAME = "Saurabh jain";
				TargetAttributes = {
					1F525A1C1A2FD294006212B0 = {
						CreatedOnToolsVersion = 6.1.1;
					};
					1F525A381A2FD294006212B0 = {
						CreatedOnToolsVersion = 6.1.1;
						TestTargetID = 1F525A1C1A2FD294006212B0;
					};
				};
			};
			buildConfigurationList = 1F525A181A2FD294006212B0 /* Build configuration list for PBXProject "Filters" */;
			compatibilityVersion = "Xcode 3.2";
			developmentRegion = English;
			hasScannedForEncodings = 0;
			knownRegions = (
				en,
				Base,
			);
			mainGroup = 1F525A141A2FD294006212B0;
			productRefGroup = 1F525A1E1A2FD294006212B0 /* Products */;
			projectDirPath = "";
			projectRoot = "";
			targets = (
				1F525A1C1A2FD294006212B0 /* Filters */,
				1F525A381A2FD294006212B0 /* FiltersTests */,
			);
		};
/* End PBXProject section */

/* Begin PBXResourcesBuildPhase section */
		1F525A1B1A2FD294006212B0 /* Resources */ = {
			isa = PBXResourcesBuildPhase;
			buildActionMask = 2147483647;
			files = (
				1F525A2F1A2FD294006212B0 /* Main.storyboard in Resources */,
				1F525A5D1A3003E3006212B0 /* fsm.png in Resources */,
				1F525A341A2FD294006212B0 /* LaunchScreen.xib in Resources */,
				1F525A311A2FD294006212B0 /* Images.xcassets in Resources */,
			);
			runOnlyForDeploymentPostprocessing = 0;
		};
		1F525A371A2FD294006212B0 /* Resources */ = {
			isa = PBXResourcesBuildPhase;
			buildActionMask = 2147483647;
			files = (
			);
			runOnlyForDeploymentPostprocessing = 0;
		};
/* End PBXResourcesBuildPhase section */

/* Begin PBXSourcesBuildPhase section */
		1F525A191A2FD294006212B0 /* Sources */ = {
			isa = PBXSourcesBuildPhase;
			buildActionMask = 2147483647;
			files = (
				1F525A521A2FF7CF006212B0 /* CoreDataHelper.m in Sources */,
				1F525A261A2FD294006212B0 /* AppDelegate.m in Sources */,
				1F525A4B1A2FD2D3006212B0 /* AlbumTableViewController.m in Sources */,
				1F525A581A300201006212B0 /* PhotosCollectionViewController.m in Sources */,
				1F525A291A2FD294006212B0 /* Filters.xcdatamodeld in Sources */,
				1F525A5B1A3002CF006212B0 /* PhotoCollectionViewCell.m in Sources */,
				1F525A4E1A2FD869006212B0 /* Album.m in Sources */,
				1F525A231A2FD294006212B0 /* main.m in Sources */,
			);
			runOnlyForDeploymentPostprocessing = 0;
		};
		1F525A351A2FD294006212B0 /* Sources */ = {
			isa = PBXSourcesBuildPhase;
			buildActionMask = 2147483647;
			files = (
				1F525A401A2FD294006212B0 /* FiltersTests.m in Sources */,
			);
			runOnlyForDeploymentPostprocessing = 0;
		};
/* End PBXSourcesBuildPhase section */

/* Begin PBXTargetDependency section */
		1F525A3B1A2FD294006212B0 /* PBXTargetDependency */ = {
			isa = PBXTargetDependency;
			target = 1F525A1C1A2FD294006212B0 /* Filters */;
			targetProxy = 1F525A3A1A2FD294006212B0 /* PBXContainerItemProxy */;
		};
/* End PBXTargetDependency section */

/* Begin PBXVariantGroup section */
		1F525A2D1A2FD294006212B0 /* Main.storyboard */ = {
			isa = PBXVariantGroup;
			children = (
				1F525A2E1A2FD294006212B0 /* Base */,
			);
			name = Main.storyboard;
			sourceTree = "<group>";
		};
		1F525A321A2FD294006212B0 /* LaunchScreen.xib */ = {
			isa = PBXVariantGroup;
			children = (
				1F525A331A2FD294006212B0 /* Base */,
			);
			name = LaunchScreen.xib;
			sourceTree = "<group>";
		};
/* End PBXVariantGroup section */

/* Begin XCBuildConfiguration section */
		1F525A411A2FD294006212B0 /* Debug */ = {
			isa = XCBuildConfiguration;
			buildSettings = {
				ALWAYS_SEARCH_USER_PATHS = NO;
				CLANG_CXX_LANGUAGE_STANDARD = "gnu++0x";
				CLANG_CXX_LIBRARY = "libc++";
				CLANG_ENABLE_MODULES = YES;
				CLANG_ENABLE_OBJC_ARC = YES;
				CLANG_WARN_BOOL_CONVERSION = YES;
				CLANG_WARN_CONSTANT_CONVERSION = YES;
				CLANG_WARN_DIRECT_OBJC_ISA_USAGE = YES_ERROR;
				CLANG_WARN_EMPTY_BODY = YES;
				CLANG_WARN_ENUM_CONVERSION = YES;
				CLANG_WARN_INT_CONVERSION = YES;
				CLANG_WARN_OBJC_ROOT_CLASS = YES_ERROR;
				CLANG_WARN_UNREACHABLE_CODE = YES;
				CLANG_WARN__DUPLICATE_METHOD_MATCH = YES;
				"CODE_SIGN_IDENTITY[sdk=iphoneos*]" = "iPhone Developer";
				COPY_PHASE_STRIP = NO;
				ENABLE_STRICT_OBJC_MSGSEND = YES;
				GCC_C_LANGUAGE_STANDARD = gnu99;
				GCC_DYNAMIC_NO_PIC = NO;
				GCC_OPTIMIZATION_LEVEL = 0;
				GCC_PREPROCESSOR_DEFINITIONS = (
					"DEBUG=1",
					"$(inherited)",
				);
				GCC_SYMBOLS_PRIVATE_EXTERN = NO;
				GCC_WARN_64_TO_32_BIT_CONVERSION = YES;
				GCC_WARN_ABOUT_RETURN_TYPE = YES_ERROR;
				GCC_WARN_UNDECLARED_SELECTOR = YES;
				GCC_WARN_UNINITIALIZED_AUTOS = YES_AGGRESSIVE;
				GCC_WARN_UNUSED_FUNCTION = YES;
				GCC_WARN_UNUSED_VARIABLE = YES;
				IPHONEOS_DEPLOYMENT_TARGET = 8.1;
				MTL_ENABLE_DEBUG_INFO = YES;
				ONLY_ACTIVE_ARCH = YES;
				SDKROOT = iphoneos;
			};
			name = Debug;
		};
		1F525A421A2FD294006212B0 /* Release */ = {
			isa = XCBuildConfiguration;
			buildSettings = {
				ALWAYS_SEARCH_USER_PATHS = NO;
				CLANG_CXX_LANGUAGE_STANDARD = "gnu++0x";
				CLANG_CXX_LIBRARY = "libc++";
				CLANG_ENABLE_MODULES = YES;
				CLANG_ENABLE_OBJC_ARC = YES;
				CLANG_WARN_BOOL_CONVERSION = YES;
				CLANG_WARN_CONSTANT_CONVERSION = YES;
				CLANG_WARN_DIRECT_OBJC_ISA_USAGE = YES_ERROR;
				CLANG_WARN_EMPTY_BODY = YES;
				CLANG_WARN_ENUM_CONVERSION = YES;
				CLANG_WARN_INT_CONVERSION = YES;
				CLANG_WARN_OBJC_ROOT_CLASS = YES_ERROR;
				CLANG_WARN_UNREACHABLE_CODE = YES;
				CLANG_WARN__DUPLICATE_METHOD_MATCH = YES;
				"CODE_SIGN_IDENTITY[sdk=iphoneos*]" = "iPhone Developer";
				COPY_PHASE_STRIP = YES;
				ENABLE_NS_ASSERTIONS = NO;
				ENABLE_STRICT_OBJC_MSGSEND = YES;
				GCC_C_LANGUAGE_STANDARD = gnu99;
				GCC_WARN_64_TO_32_BIT_CONVERSION = YES;
				GCC_WARN_ABOUT_RETURN_TYPE = YES_ERROR;
				GCC_WARN_UNDECLARED_SELECTOR = YES;
				GCC_WARN_UNINITIALIZED_AUTOS = YES_AGGRESSIVE;
				GCC_WARN_UNUSED_FUNCTION = YES;
				GCC_WARN_UNUSED_VARIABLE = YES;
				IPHONEOS_DEPLOYMENT_TARGET = 8.1;
				MTL_ENABLE_DEBUG_INFO = NO;
				SDKROOT = iphoneos;
				VALIDATE_PRODUCT = YES;
			};
			name = Release;
		};
		1F525A441A2FD294006212B0 /* Debug */ = {
			isa = XCBuildConfiguration;
			buildSettings = {
				ASSETCATALOG_COMPILER_APPICON_NAME = AppIcon;
				INFOPLIST_FILE = Filters/Info.plist;
				LD_RUNPATH_SEARCH_PATHS = "$(inherited) @executable_path/Frameworks";
				PRODUCT_NAME = "$(TARGET_NAME)";
			};
			name = Debug;
		};
		1F525A451A2FD294006212B0 /* Release */ = {
			isa = XCBuildConfiguration;
			buildSettings = {
				ASSETCATALOG_COMPILER_APPICON_NAME = AppIcon;
				INFOPLIST_FILE = Filters/Info.plist;
				LD_RUNPATH_SEARCH_PATHS = "$(inherited) @executable_path/Frameworks";
				PRODUCT_NAME = "$(TARGET_NAME)";
			};
			name = Release;
		};
		1F525A471A2FD294006212B0 /* Debug */ = {
			isa = XCBuildConfiguration;
			buildSettings = {
				BUNDLE_LOADER = "$(TEST_HOST)";
				FRAMEWORK_SEARCH_PATHS = (
					"$(SDKROOT)/Developer/Library/Frameworks",
					"$(inherited)",
				);
				GCC_PREPROCESSOR_DEFINITIONS = (
					"DEBUG=1",
					"$(inherited)",
				);
				INFOPLIST_FILE = FiltersTests/Info.plist;
				LD_RUNPATH_SEARCH_PATHS = "$(inherited) @executable_path/Frameworks @loader_path/Frameworks";
				PRODUCT_NAME = "$(TARGET_NAME)";
				TEST_HOST = "$(BUILT_PRODUCTS_DIR)/Filters.app/Filters";
			};
			name = Debug;
		};
		1F525A481A2FD294006212B0 /* Release */ = {
			isa = XCBuildConfiguration;
			buildSettings = {
				BUNDLE_LOADER = "$(TEST_HOST)";
				FRAMEWORK_SEARCH_PATHS = (
					"$(SDKROOT)/Developer/Library/Frameworks",
					"$(inherited)",
				);
				INFOPLIST_FILE = FiltersTests/Info.plist;
				LD_RUNPATH_SEARCH_PATHS = "$(inherited) @executable_path/Frameworks @loader_path/Frameworks";
				PRODUCT_NAME = "$(TARGET_NAME)";
				TEST_HOST = "$(BUILT_PRODUCTS_DIR)/Filters.app/Filters";
			};
			name = Release;
		};
/* End XCBuildConfiguration section */

/* Begin XCConfigurationList section */
		1F525A181A2FD294006212B0 /* Build configuration list for PBXProject "Filters" */ = {
			isa = XCConfigurationList;
			buildConfigurations = (
				1F525A411A2FD294006212B0 /* Debug */,
				1F525A421A2FD294006212B0 /* Release */,
			);
			defaultConfigurationIsVisible = 0;
			defaultConfigurationName = Release;
		};
		1F525A431A2FD294006212B0 /* Build configuration list for PBXNativeTarget "Filters" */ = {
			isa = XCConfigurationList;
			buildConfigurations = (
				1F525A441A2FD294006212B0 /* Debug */,
				1F525A451A2FD294006212B0 /* Release */,
			);
			defaultConfigurationIsVisible = 0;
			defaultConfigurationName = Release;
		};
		1F525A461A2FD294006212B0 /* Build configuration list for PBXNativeTarget "FiltersTests" */ = {
			isa = XCConfigurationList;
			buildConfigurations = (
				1F525A471A2FD294006212B0 /* Debug */,
				1F525A481A2FD294006212B0 /* Release */,
			);
			defaultConfigurationIsVisible = 0;
			defaultConfigurationName = Release;
		};
/* End XCConfigurationList section */

/* Begin XCVersionGroup section */
		1F525A271A2FD294006212B0 /* Filters.xcdatamodeld */ = {
			isa = XCVersionGroup;
			children = (
				1F525A281A2FD294006212B0 /* Filters.xcdatamodel */,
			);
			currentVersion = 1F525A281A2FD294006212B0 /* Filters.xcdatamodel */;
			path = Filters.xcdatamodeld;
			sourceTree = "<group>";
			versionGroupType = wrapper.xcdatamodel;
		};
/* End XCVersionGroup section */
	};
	rootObject = 1F525A151A2FD294006212B0 /* Project object */;
}
